
Microsoft Visual Studio Solution File, Format Version 12.00
# Visual Studio 2012
Project("{FAE04EC0-301F-11D3-BF4B-00C04F79EFBC}") = "PuppetMaster", "PuppetMaster\PuppetMaster.csproj", "{836563E0-FB84-4628-BDC6-49CBC76E52C3}"
EndProject
Project("{FAE04EC0-301F-11D3-BF4B-00C04F79EFBC}") = "UserApplication", "UserApplication\UserApplication.csproj", "{E10EEDB2-8168-41B1-8C6B-717B81B66396}"
EndProject
Project("{FAE04EC0-301F-11D3-BF4B-00C04F79EFBC}") = "MapLib", "MapLib\MapLib.csproj", "{D7EEDD6F-827E-4088-A3E9-0EB0CFA65A2D}"
EndProject
Project("{FAE04EC0-301F-11D3-BF4B-00C04F79EFBC}") = "Client", "Client\Client.csproj", "{7B825288-81AF-45D9-8A1F-B9B767AE57AD}"
EndProject
Project("{FAE04EC0-301F-11D3-BF4B-00C04F79EFBC}") = "UserClientLib", "UserClientLib\UserClientLib.csproj", "{3F3EC27B-46C1-4D53-8C5A-E69E025DDCFA}"
EndProject
Project("{FAE04EC0-301F-11D3-BF4B-00C04F79EFBC}") = "WorkerClientLib", "WorkerClientLib\WorkerClientLib.csproj", "{AF128A53-752B-4B29-9345-1A6240BE9B85}"
EndProject
Project("{FAE04EC0-301F-11D3-BF4B-00C04F79EFBC}") = "Worker", "Worker\Worker.csproj", "{3AB1B935-4807-49C6-878E-BEC3FB227090}"
EndProject
Project("{FAE04EC0-301F-11D3-BF4B-00C04F79EFBC}") = "JobTrackerClientLib", "JobTrackerClientLib\JobTrackerClientLib.csproj", "{8AA2293B-5F6C-433D-A2DF-C51A230C984B}"
EndProject
Project("{FAE04EC0-301F-11D3-BF4B-00C04F79EFBC}") = "JobTrackerWorkerLib", "JobTrackerWorkerLib\JobTrackerWorkerLib.csproj", "{07C0E80A-4A77-4AC0-8B57-470FE2E512F3}"
EndProject
Project("{FAE04EC0-301F-11D3-BF4B-00C04F79EFBC}") = "PuppetAppLib", "PuppetAppLib\PuppetAppLib.csproj", "{C3994D75-0863-40C6-973D-86BC4DF04942}"
EndProject
Global
	GlobalSection(SolutionConfigurationPlatforms) = preSolution
		Debug|Any CPU = Debug|Any CPU
		Release|Any CPU = Release|Any CPU
	EndGlobalSection
	GlobalSection(ProjectConfigurationPlatforms) = postSolution
		{836563E0-FB84-4628-BDC6-49CBC76E52C3}.Debug|Any CPU.ActiveCfg = Debug|Any CPU
		{836563E0-FB84-4628-BDC6-49CBC76E52C3}.Debug|Any CPU.Build.0 = Debug|Any CPU
		{836563E0-FB84-4628-BDC6-49CBC76E52C3}.Release|Any CPU.ActiveCfg = Release|Any CPU
		{836563E0-FB84-4628-BDC6-49CBC76E52C3}.Release|Any CPU.Build.0 = Release|Any CPU
		{E10EEDB2-8168-41B1-8C6B-717B81B66396}.Debug|Any CPU.ActiveCfg = Debug|Any CPU
		{E10EEDB2-8168-41B1-8C6B-717B81B66396}.Debug|Any CPU.Build.0 = Debug|Any CPU
		{E10EEDB2-8168-41B1-8C6B-717B81B66396}.Release|Any CPU.ActiveCfg = Release|Any CPU
		{E10EEDB2-8168-41B1-8C6B-717B81B66396}.Release|Any CPU.Build.0 = Release|Any CPU
		{D7EEDD6F-827E-4088-A3E9-0EB0CFA65A2D}.Debug|Any CPU.ActiveCfg = Debug|Any CPU
		{D7EEDD6F-827E-4088-A3E9-0EB0CFA65A2D}.Debug|Any CPU.Build.0 = Debug|Any CPU
		{D7EEDD6F-827E-4088-A3E9-0EB0CFA65A2D}.Release|Any CPU.ActiveCfg = Release|Any CPU
		{D7EEDD6F-827E-4088-A3E9-0EB0CFA65A2D}.Release|Any CPU.Build.0 = Release|Any CPU
		{7B825288-81AF-45D9-8A1F-B9B767AE57AD}.Debug|Any CPU.ActiveCfg = Debug|Any CPU
		{7B825288-81AF-45D9-8A1F-B9B767AE57AD}.Debug|Any CPU.Build.0 = Debug|Any CPU
		{7B825288-81AF-45D9-8A1F-B9B767AE57AD}.Release|Any CPU.ActiveCfg = Release|Any CPU
		{7B825288-81AF-45D9-8A1F-B9B767AE57AD}.Release|Any CPU.Build.0 = Release|Any CPU
		{3F3EC27B-46C1-4D53-8C5A-E69E025DDCFA}.Debug|Any CPU.ActiveCfg = Debug|Any CPU
		{3F3EC27B-46C1-4D53-8C5A-E69E025DDCFA}.Debug|Any CPU.Build.0 = Debug|Any CPU
		{3F3EC27B-46C1-4D53-8C5A-E69E025DDCFA}.Release|Any CPU.ActiveCfg = Release|Any CPU
		{3F3EC27B-46C1-4D53-8C5A-E69E025DDCFA}.Release|Any CPU.Build.0 = Release|Any CPU
		{AF128A53-752B-4B29-9345-1A6240BE9B85}.Debug|Any CPU.ActiveCfg = Debug|Any CPU
		{AF128A53-752B-4B29-9345-1A6240BE9B85}.Debug|Any CPU.Build.0 = Debug|Any CPU
		{AF128A53-752B-4B29-9345-1A6240BE9B85}.Release|Any CPU.ActiveCfg = Release|Any CPU
		{AF128A53-752B-4B29-9345-1A6240BE9B85}.Release|Any CPU.Build.0 = Release|Any CPU
		{3AB1B935-4807-49C6-878E-BEC3FB227090}.Debug|Any CPU.ActiveCfg = Debug|Any CPU
		{3AB1B935-4807-49C6-878E-BEC3FB227090}.Debug|Any CPU.Build.0 = Debug|Any CPU
		{3AB1B935-4807-49C6-878E-BEC3FB227090}.Release|Any CPU.ActiveCfg = Release|Any CPU
		{3AB1B935-4807-49C6-878E-BEC3FB227090}.Release|Any CPU.Build.0 = Release|Any CPU
		{8AA2293B-5F6C-433D-A2DF-C51A230C984B}.Debug|Any CPU.ActiveCfg = Debug|Any CPU
		{8AA2293B-5F6C-433D-A2DF-C51A230C984B}.Debug|Any CPU.Build.0 = Debug|Any CPU
		{8AA2293B-5F6C-433D-A2DF-C51A230C984B}.Release|Any CPU.ActiveCfg = Release|Any CPU
		{8AA2293B-5F6C-433D-A2DF-C51A230C984B}.Release|Any CPU.Build.0 = Release|Any CPU
		{07C0E80A-4A77-4AC0-8B57-470FE2E512F3}.Debug|Any CPU.ActiveCfg = Debug|Any CPU
		{07C0E80A-4A77-4AC0-8B57-470FE2E512F3}.Debug|Any CPU.Build.0 = Debug|Any CPU
		{07C0E80A-4A77-4AC0-8B57-470FE2E512F3}.Release|Any CPU.ActiveCfg = Release|Any CPU
		{07C0E80A-4A77-4AC0-8B57-470FE2E512F3}.Release|Any CPU.Build.0 = Release|Any CPU
		{C3994D75-0863-40C6-973D-86BC4DF04942}.Debug|Any CPU.ActiveCfg = Debug|Any CPU
		{C3994D75-0863-40C6-973D-86BC4DF04942}.Debug|Any CPU.Build.0 = Debug|Any CPU
		{C3994D75-0863-40C6-973D-86BC4DF04942}.Release|Any CPU.ActiveCfg = Release|Any CPU
		{C3994D75-0863-40C6-973D-86BC4DF04942}.Release|Any CPU.Build.0 = Release|Any CPU
	EndGlobalSection
	GlobalSection(SolutionProperties) = preSolution
		HideSolutionNode = FALSE
	EndGlobalSection
EndGlobal
